
Microsoft Visual Studio Solution File, Format Version 12.00
# Visual Studio Version 17
VisualStudioVersion = 17.0.31903.59
MinimumVisualStudioVersion = 10.0.40219.1
Project("{9A19103F-16F7-4668-BE54-9A1E7A4F7556}") = "Katalyst-TDD-Starter", "Katalyst-TDD-Starter\Katalyst-TDD-Starter.csproj", "{E18F0D8B-D519-4F1A-98AC-61FE929F0705}"
EndProject
Project("{9A19103F-16F7-4668-BE54-9A1E7A4F7556}") = "Katalyst-TDD-Starter.MSTest", "Katalyst-TDD-Starter.Test\Katalyst-TDD-Starter.MSTest.csproj", "{EDE53E76-737D-4900-A7DC-ED8FBD60980E}"
EndProject
Project("{FAE04EC0-301F-11D3-BF4B-00C04F79EFBC}") = "Katalyst-TDD-Starter.XUnit", "Katalyst-TDD-Starter.XUnit\Katalyst-TDD-Starter.XUnit.csproj", "{CD876E52-1054-4EF2-9E13-DB51A8B87B2A}"
EndProject
Global
	GlobalSection(SolutionConfigurationPlatforms) = preSolution
		Debug|Any CPU = Debug|Any CPU
		Release|Any CPU = Release|Any CPU
	EndGlobalSection
	GlobalSection(ProjectConfigurationPlatforms) = postSolution
		{E18F0D8B-D519-4F1A-98AC-61FE929F0705}.Debug|Any CPU.ActiveCfg = Debug|Any CPU
		{E18F0D8B-D519-4F1A-98AC-61FE929F0705}.Debug|Any CPU.Build.0 = Debug|Any CPU
		{E18F0D8B-D519-4F1A-98AC-61FE929F0705}.Release|Any CPU.ActiveCfg = Release|Any CPU
		{E18F0D8B-D519-4F1A-98AC-61FE929F0705}.Release|Any CPU.Build.0 = Release|Any CPU
		{EDE53E76-737D-4900-A7DC-ED8FBD60980E}.Debug|Any CPU.ActiveCfg = Debug|Any CPU
		{EDE53E76-737D-4900-A7DC-ED8FBD60980E}.Debug|Any CPU.Build.0 = Debug|Any CPU
		{EDE53E76-737D-4900-A7DC-ED8FBD60980E}.Release|Any CPU.ActiveCfg = Release|Any CPU
		{EDE53E76-737D-4900-A7DC-ED8FBD60980E}.Release|Any CPU.Build.0 = Release|Any CPU
		{CD876E52-1054-4EF2-9E13-DB51A8B87B2A}.Debug|Any CPU.ActiveCfg = Debug|Any CPU
		{CD876E52-1054-4EF2-9E13-DB51A8B87B2A}.Debug|Any CPU.Build.0 = Debug|Any CPU
		{CD876E52-1054-4EF2-9E13-DB51A8B87B2A}.Release|Any CPU.ActiveCfg = Release|Any CPU
		{CD876E52-1054-4EF2-9E13-DB51A8B87B2A}.Release|Any CPU.Build.0 = Release|Any CPU
	EndGlobalSection
	GlobalSection(SolutionProperties) = preSolution
		HideSolutionNode = FALSE
	EndGlobalSection
	GlobalSection(ExtensibilityGlobals) = postSolution
		SolutionGuid = {F042B93D-7B30-4E68-BAD3-E407876D9D01}
	EndGlobalSection
EndGlobal
